
Microsoft Visual Studio Solution File, Format Version 12.00
# Visual Studio Version 17
VisualStudioVersion = 17.5.33502.453
MinimumVisualStudioVersion = 10.0.40219.1
Project("{9A19103F-16F7-4668-BE54-9A1E7A4F7556}") = "BitMEX_Consumption", "BitMEX_Consumption\BitMEX_Consumption.csproj", "{EAF4BD1A-2D92-43FC-95E6-08D509C20CAA}"
EndProject
Project("{9A19103F-16F7-4668-BE54-9A1E7A4F7556}") = "Db", "Db\Db.csproj", "{E46002C2-2C34-4D79-8E71-06BFF5DAA11F}"
EndProject
Project("{9A19103F-16F7-4668-BE54-9A1E7A4F7556}") = "Services", "Services\Services.csproj", "{E902DCA1-1668-4B34-AE50-511636472C66}"
EndProject
Project("{FAE04EC0-301F-11D3-BF4B-00C04F79EFBC}") = "ServicesTests", "ServicesTests\ServicesTests.csproj", "{2C81A0C2-8CA8-4EBE-AEEC-481EF0FBEE13}"
EndProject
Global
	GlobalSection(SolutionConfigurationPlatforms) = preSolution
		Debug|Any CPU = Debug|Any CPU
		Release|Any CPU = Release|Any CPU
	EndGlobalSection
	GlobalSection(ProjectConfigurationPlatforms) = postSolution
		{EAF4BD1A-2D92-43FC-95E6-08D509C20CAA}.Debug|Any CPU.ActiveCfg = Debug|Any CPU
		{EAF4BD1A-2D92-43FC-95E6-08D509C20CAA}.Debug|Any CPU.Build.0 = Debug|Any CPU
		{EAF4BD1A-2D92-43FC-95E6-08D509C20CAA}.Release|Any CPU.ActiveCfg = Release|Any CPU
		{EAF4BD1A-2D92-43FC-95E6-08D509C20CAA}.Release|Any CPU.Build.0 = Release|Any CPU
		{E46002C2-2C34-4D79-8E71-06BFF5DAA11F}.Debug|Any CPU.ActiveCfg = Debug|Any CPU
		{E46002C2-2C34-4D79-8E71-06BFF5DAA11F}.Debug|Any CPU.Build.0 = Debug|Any CPU
		{E46002C2-2C34-4D79-8E71-06BFF5DAA11F}.Release|Any CPU.ActiveCfg = Release|Any CPU
		{E46002C2-2C34-4D79-8E71-06BFF5DAA11F}.Release|Any CPU.Build.0 = Release|Any CPU
		{E902DCA1-1668-4B34-AE50-511636472C66}.Debug|Any CPU.ActiveCfg = Debug|Any CPU
		{E902DCA1-1668-4B34-AE50-511636472C66}.Debug|Any CPU.Build.0 = Debug|Any CPU
		{E902DCA1-1668-4B34-AE50-511636472C66}.Release|Any CPU.ActiveCfg = Release|Any CPU
		{E902DCA1-1668-4B34-AE50-511636472C66}.Release|Any CPU.Build.0 = Release|Any CPU
		{2C81A0C2-8CA8-4EBE-AEEC-481EF0FBEE13}.Debug|Any CPU.ActiveCfg = Debug|Any CPU
		{2C81A0C2-8CA8-4EBE-AEEC-481EF0FBEE13}.Debug|Any CPU.Build.0 = Debug|Any CPU
		{2C81A0C2-8CA8-4EBE-AEEC-481EF0FBEE13}.Release|Any CPU.ActiveCfg = Release|Any CPU
		{2C81A0C2-8CA8-4EBE-AEEC-481EF0FBEE13}.Release|Any CPU.Build.0 = Release|Any CPU
	EndGlobalSection
	GlobalSection(SolutionProperties) = preSolution
		HideSolutionNode = FALSE
	EndGlobalSection
	GlobalSection(ExtensibilityGlobals) = postSolution
		SolutionGuid = {63BB05F7-C4ED-494F-8A20-E48FD74BBCB7}
	EndGlobalSection
EndGlobal
